// !$*UTF8*$!
{
	archiveVersion = 1;
	classes = {
	};
	objectVersion = 50;
	objects = {

/* Begin PBXBuildFile section */
		220D692322AC6C3100060D19 /* SaveNewsViewController.m in Sources */ = {isa = PBXBuildFile; fileRef = 220D692222AC6C3100060D19 /* SaveNewsViewController.m */; };
		2220163F22ACBE2C00E1DF38 /* Data.plist in Resources */ = {isa = PBXBuildFile; fileRef = 2220163E22ACBE2C00E1DF38 /* Data.plist */; };
		2220164622AD418700E1DF38 /* SeachViewController.m in Sources */ = {isa = PBXBuildFile; fileRef = 2220164522AD418700E1DF38 /* SeachViewController.m */; };
		2224143D22AA479C00ED7597 /* NewTableViewCell.m in Sources */ = {isa = PBXBuildFile; fileRef = 2224143C22AA479C00ED7597 /* NewTableViewCell.m */; };
		22C3BEB622A981040078DACA /* AppDelegate.m in Sources */ = {isa = PBXBuildFile; fileRef = 22C3BEB522A981040078DACA /* AppDelegate.m */; };
		22C3BEBC22A981040078DACA /* Main.storyboard in Resources */ = {isa = PBXBuildFile; fileRef = 22C3BEBA22A981040078DACA /* Main.storyboard */; };
		22C3BEBE22A981050078DACA /* Assets.xcassets in Resources */ = {isa = PBXBuildFile; fileRef = 22C3BEBD22A981050078DACA /* Assets.xcassets */; };
		22C3BEC122A981050078DACA /* LaunchScreen.storyboard in Resources */ = {isa = PBXBuildFile; fileRef = 22C3BEBF22A981050078DACA /* LaunchScreen.storyboard */; };
		22C3BEC422A981050078DACA /* main.m in Sources */ = {isa = PBXBuildFile; fileRef = 22C3BEC322A981050078DACA /* main.m */; };
		22C3BED022A98E230078DACA /* BookMarkViewController.m in Sources */ = {isa = PBXBuildFile; fileRef = 22C3BECF22A98E230078DACA /* BookMarkViewController.m */; };
		22F5632022AAA24100DA971D /* CellObject.m in Sources */ = {isa = PBXBuildFile; fileRef = 22F5631F22AAA24100DA971D /* CellObject.m */; };
		22F5632322AAD95300DA971D /* ViewDetailViewController.m in Sources */ = {isa = PBXBuildFile; fileRef = 22F5632222AAD95300DA971D /* ViewDetailViewController.m */; };
		FF875B8722C11A8C00DDC074 /* OptionViewController.m in Sources */ = {isa = PBXBuildFile; fileRef = FF875B8622C11A8C00DDC074 /* OptionViewController.m */; };
/* End PBXBuildFile section */

/* Begin PBXFileReference section */
		220D692122AC6C3100060D19 /* SaveNewsViewController.h */ = {isa = PBXFileReference; lastKnownFileType = sourcecode.c.h; path = SaveNewsViewController.h; sourceTree = "<group>"; };
		220D692222AC6C3100060D19 /* SaveNewsViewController.m */ = {isa = PBXFileReference; lastKnownFileType = sourcecode.c.objc; path = SaveNewsViewController.m; sourceTree = "<group>"; };
		2220163E22ACBE2C00E1DF38 /* Data.plist */ = {isa = PBXFileReference; lastKnownFileType = text.plist.xml; path = Data.plist; sourceTree = "<group>"; };
		2220164422AD418700E1DF38 /* SeachViewController.h */ = {isa = PBXFileReference; lastKnownFileType = sourcecode.c.h; path = SeachViewController.h; sourceTree = "<group>"; };
		2220164522AD418700E1DF38 /* SeachViewController.m */ = {isa = PBXFileReference; lastKnownFileType = sourcecode.c.objc; path = SeachViewController.m; sourceTree = "<group>"; };
		2224143B22AA479C00ED7597 /* NewTableViewCell.h */ = {isa = PBXFileReference; lastKnownFileType = sourcecode.c.h; path = NewTableViewCell.h; sourceTree = "<group>"; };
		2224143C22AA479C00ED7597 /* NewTableViewCell.m */ = {isa = PBXFileReference; lastKnownFileType = sourcecode.c.objc; path = NewTableViewCell.m; sourceTree = "<group>"; };
		22C3BEB122A981040078DACA /* RSS_READER.app */ = {isa = PBXFileReference; explicitFileType = wrapper.application; includeInIndex = 0; path = RSS_READER.app; sourceTree = BUILT_PRODUCTS_DIR; };
		22C3BEB422A981040078DACA /* AppDelegate.h */ = {isa = PBXFileReference; lastKnownFileType = sourcecode.c.h; path = AppDelegate.h; sourceTree = "<group>"; };
		22C3BEB522A981040078DACA /* AppDelegate.m */ = {isa = PBXFileReference; lastKnownFileType = sourcecode.c.objc; path = AppDelegate.m; sourceTree = "<group>"; };
		22C3BEBB22A981040078DACA /* Base */ = {isa = PBXFileReference; lastKnownFileType = file.storyboard; name = Base; path = Base.lproj/Main.storyboard; sourceTree = "<group>"; };
		22C3BEBD22A981050078DACA /* Assets.xcassets */ = {isa = PBXFileReference; lastKnownFileType = folder.assetcatalog; path = Assets.xcassets; sourceTree = "<group>"; };
		22C3BEC022A981050078DACA /* Base */ = {isa = PBXFileReference; lastKnownFileType = file.storyboard; name = Base; path = Base.lproj/LaunchScreen.storyboard; sourceTree = "<group>"; };
		22C3BEC222A981050078DACA /* Info.plist */ = {isa = PBXFileReference; lastKnownFileType = text.plist.xml; path = Info.plist; sourceTree = "<group>"; };
		22C3BEC322A981050078DACA /* main.m */ = {isa = PBXFileReference; lastKnownFileType = sourcecode.c.objc; path = main.m; sourceTree = "<group>"; };
		22C3BECE22A98E230078DACA /* BookMarkViewController.h */ = {isa = PBXFileReference; lastKnownFileType = sourcecode.c.h; path = BookMarkViewController.h; sourceTree = "<group>"; };
		22C3BECF22A98E230078DACA /* BookMarkViewController.m */ = {isa = PBXFileReference; lastKnownFileType = sourcecode.c.objc; path = BookMarkViewController.m; sourceTree = "<group>"; };
		22F5631E22AAA24100DA971D /* CellObject.h */ = {isa = PBXFileReference; lastKnownFileType = sourcecode.c.h; path = CellObject.h; sourceTree = "<group>"; };
		22F5631F22AAA24100DA971D /* CellObject.m */ = {isa = PBXFileReference; lastKnownFileType = sourcecode.c.objc; path = CellObject.m; sourceTree = "<group>"; };
		22F5632122AAD95300DA971D /* ViewDetailViewController.h */ = {isa = PBXFileReference; lastKnownFileType = sourcecode.c.h; path = ViewDetailViewController.h; sourceTree = "<group>"; };
		22F5632222AAD95300DA971D /* ViewDetailViewController.m */ = {isa = PBXFileReference; lastKnownFileType = sourcecode.c.objc; path = ViewDetailViewController.m; sourceTree = "<group>"; };
		FF875B8522C11A8C00DDC074 /* OptionViewController.h */ = {isa = PBXFileReference; lastKnownFileType = sourcecode.c.h; path = OptionViewController.h; sourceTree = "<group>"; };
		FF875B8622C11A8C00DDC074 /* OptionViewController.m */ = {isa = PBXFileReference; lastKnownFileType = sourcecode.c.objc; path = OptionViewController.m; sourceTree = "<group>"; };
/* End PBXFileReference section */

/* Begin PBXFrameworksBuildPhase section */
		22C3BEAE22A981040078DACA /* Frameworks */ = {
			isa = PBXFrameworksBuildPhase;
			buildActionMask = 2147483647;
			files = (
			);
			runOnlyForDeploymentPostprocessing = 0;
		};
/* End PBXFrameworksBuildPhase section */

/* Begin PBXGroup section */
		2220164022ACBE3100E1DF38 /* Data */ = {
			isa = PBXGroup;
			children = (
				2220163E22ACBE2C00E1DF38 /* Data.plist */,
			);
			path = Data;
			sourceTree = "<group>";
		};
		22B87FA522AA0B9A009B8C1C /* TableControllerCell */ = {
			isa = PBXGroup;
			children = (
				2224143B22AA479C00ED7597 /* NewTableViewCell.h */,
				2224143C22AA479C00ED7597 /* NewTableViewCell.m */,
			);
			path = TableControllerCell;
			sourceTree = "<group>";
		};
		22C3BEA822A981040078DACA = {
			isa = PBXGroup;
			children = (
				22C3BEB322A981040078DACA /* RSS_READER */,
				22C3BEB222A981040078DACA /* Products */,
			);
			sourceTree = "<group>";
		};
		22C3BEB222A981040078DACA /* Products */ = {
			isa = PBXGroup;
			children = (
				22C3BEB122A981040078DACA /* RSS_READER.app */,
			);
			name = Products;
			sourceTree = "<group>";
		};
		22C3BEB322A981040078DACA /* RSS_READER */ = {
			isa = PBXGroup;
			children = (
				2220164022ACBE3100E1DF38 /* Data */,
				22B87FA522AA0B9A009B8C1C /* TableControllerCell */,
				22C3BED122A98F590078DACA /* Model */,
				22C3BECA22A982A40078DACA /* ViewController */,
				22C3BEB422A981040078DACA /* AppDelegate.h */,
				22C3BEB522A981040078DACA /* AppDelegate.m */,
				22C3BEBA22A981040078DACA /* Main.storyboard */,
				22C3BEBD22A981050078DACA /* Assets.xcassets */,
				22C3BEBF22A981050078DACA /* LaunchScreen.storyboard */,
				22C3BEC222A981050078DACA /* Info.plist */,
				22C3BEC322A981050078DACA /* main.m */,
			);
			path = RSS_READER;
			sourceTree = "<group>";
		};
		22C3BECA22A982A40078DACA /* ViewController */ = {
			isa = PBXGroup;
			children = (
				22C3BECE22A98E230078DACA /* BookMarkViewController.h */,
				22C3BECF22A98E230078DACA /* BookMarkViewController.m */,
				22F5632122AAD95300DA971D /* ViewDetailViewController.h */,
				22F5632222AAD95300DA971D /* ViewDetailViewController.m */,
				220D692122AC6C3100060D19 /* SaveNewsViewController.h */,
				220D692222AC6C3100060D19 /* SaveNewsViewController.m */,
				2220164422AD418700E1DF38 /* SeachViewController.h */,
				2220164522AD418700E1DF38 /* SeachViewController.m */,
				FF875B8522C11A8C00DDC074 /* OptionViewController.h */,
				FF875B8622C11A8C00DDC074 /* OptionViewController.m */,
			);
			path = ViewController;
			sourceTree = "<group>";
		};
		22C3BED122A98F590078DACA /* Model */ = {
			isa = PBXGroup;
			children = (
				22F5631E22AAA24100DA971D /* CellObject.h */,
				22F5631F22AAA24100DA971D /* CellObject.m */,
			);
			path = Model;
			sourceTree = "<group>";
		};
/* End PBXGroup section */

/* Begin PBXNativeTarget section */
		22C3BEB022A981040078DACA /* RSS_READER */ = {
			isa = PBXNativeTarget;
			buildConfigurationList = 22C3BEC722A981050078DACA /* Build configuration list for PBXNativeTarget "RSS_READER" */;
			buildPhases = (
				22C3BEAD22A981040078DACA /* Sources */,
				22C3BEAE22A981040078DACA /* Frameworks */,
				22C3BEAF22A981040078DACA /* Resources */,
			);
			buildRules = (
			);
			dependencies = (
			);
			name = RSS_READER;
			productName = RSS_READER;
			productReference = 22C3BEB122A981040078DACA /* RSS_READER.app */;
			productType = "com.apple.product-type.application";
		};
/* End PBXNativeTarget section */

/* Begin PBXProject section */
		22C3BEA922A981040078DACA /* Project object */ = {
			isa = PBXProject;
			attributes = {
				LastUpgradeCheck = 1010;
				ORGANIZATIONNAME = PhamNgocSon;
				TargetAttributes = {
					22C3BEB022A981040078DACA = {
						CreatedOnToolsVersion = 10.1;
					};
				};
			};
			buildConfigurationList = 22C3BEAC22A981040078DACA /* Build configuration list for PBXProject "RSS_READER" */;
			compatibilityVersion = "Xcode 9.3";
			developmentRegion = en;
			hasScannedForEncodings = 0;
			knownRegions = (
				en,
				Base,
			);
			mainGroup = 22C3BEA822A981040078DACA;
			productRefGroup = 22C3BEB222A981040078DACA /* Products */;
			projectDirPath = "";
			projectRoot = "";
			targets = (
				22C3BEB022A981040078DACA /* RSS_READER */,
			);
		};
/* End PBXProject section */

/* Begin PBXResourcesBuildPhase section */
		22C3BEAF22A981040078DACA /* Resources */ = {
			isa = PBXResourcesBuildPhase;
			buildActionMask = 2147483647;
			files = (
				22C3BEC122A981050078DACA /* LaunchScreen.storyboard in Resources */,
				22C3BEBE22A981050078DACA /* Assets.xcassets in Resources */,
				2220163F22ACBE2C00E1DF38 /* Data.plist in Resources */,
				22C3BEBC22A981040078DACA /* Main.storyboard in Resources */,
			);
			runOnlyForDeploymentPostprocessing = 0;
		};
/* End PBXResourcesBuildPhase section */

/* Begin PBXSourcesBuildPhase section */
		22C3BEAD22A981040078DACA /* Sources */ = {
			isa = PBXSourcesBuildPhase;
			buildActionMask = 2147483647;
			files = (
				2220164622AD418700E1DF38 /* SeachViewController.m in Sources */,
				22C3BED022A98E230078DACA /* BookMarkViewController.m in Sources */,
				22C3BEC422A981050078DACA /* main.m in Sources */,
				FF875B8722C11A8C00DDC074 /* OptionViewController.m in Sources */,
				22C3BEB622A981040078DACA /* AppDelegate.m in Sources */,
				22F5632322AAD95300DA971D /* ViewDetailViewController.m in Sources */,
				22F5632022AAA24100DA971D /* CellObject.m in Sources */,
				220D692322AC6C3100060D19 /* SaveNewsViewController.m in Sources */,
				2224143D22AA479C00ED7597 /* NewTableViewCell.m in Sources */,
			);
			runOnlyForDeploymentPostprocessing = 0;
		};
/* End PBXSourcesBuildPhase section */

/* Begin PBXVariantGroup section */
		22C3BEBA22A981040078DACA /* Main.storyboard */ = {
			isa = PBXVariantGroup;
			children = (
				22C3BEBB22A981040078DACA /* Base */,
			);
			name = Main.storyboard;
			sourceTree = "<group>";
		};
		22C3BEBF22A981050078DACA /* LaunchScreen.storyboard */ = {
			isa = PBXVariantGroup;
			children = (
				22C3BEC022A981050078DACA /* Base */,
			);
			name = LaunchScreen.storyboard;
			sourceTree = "<group>";
		};
/* End PBXVariantGroup section */

/* Begin XCBuildConfiguration section */
		22C3BEC522A981050078DACA /* Debug */ = {
			isa = XCBuildConfiguration;
			buildSettings = {
				ALWAYS_SEARCH_USER_PATHS = NO;
				CLANG_ANALYZER_NONNULL = YES;
				CLANG_ANALYZER_NUMBER_OBJECT_CONVERSION = YES_AGGRESSIVE;
				CLANG_CXX_LANGUAGE_STANDARD = "gnu++14";
				CLANG_CXX_LIBRARY = "libc++";
				CLANG_ENABLE_MODULES = YES;
				CLANG_ENABLE_OBJC_ARC = YES;
				CLANG_ENABLE_OBJC_WEAK = YES;
				CLANG_WARN_BLOCK_CAPTURE_AUTORELEASING = YES;
				CLANG_WARN_BOOL_CONVERSION = YES;
				CLANG_WARN_COMMA = YES;
				CLANG_WARN_CONSTANT_CONVERSION = YES;
				CLANG_WARN_DEPRECATED_OBJC_IMPLEMENTATIONS = YES;
				CLANG_WARN_DIRECT_OBJC_ISA_USAGE = YES_ERROR;
				CLANG_WARN_DOCUMENTATION_COMMENTS = YES;
				CLANG_WARN_EMPTY_BODY = YES;
				CLANG_WARN_ENUM_CONVERSION = YES;
				CLANG_WARN_INFINITE_RECURSION = YES;
				CLANG_WARN_INT_CONVERSION = YES;
				CLANG_WARN_NON_LITERAL_NULL_CONVERSION = YES;
				CLANG_WARN_OBJC_IMPLICIT_RETAIN_SELF = YES;
				CLANG_WARN_OBJC_LITERAL_CONVERSION = YES;
				CLANG_WARN_OBJC_ROOT_CLASS = YES_ERROR;
				CLANG_WARN_RANGE_LOOP_ANALYSIS = YES;
				CLANG_WARN_STRICT_PROTOTYPES = YES;
				CLANG_WARN_SUSPICIOUS_MOVE = YES;
				CLANG_WARN_UNGUARDED_AVAILABILITY = YES_AGGRESSIVE;
				CLANG_WARN_UNREACHABLE_CODE = YES;
				CLANG_WARN__DUPLICATE_METHOD_MATCH = YES;
				CODE_SIGN_IDENTITY = "iPhone Developer";
				COPY_PHASE_STRIP = NO;
				DEBUG_INFORMATION_FORMAT = dwarf;
				ENABLE_STRICT_OBJC_MSGSEND = YES;
				ENABLE_TESTABILITY = YES;
				GCC_C_LANGUAGE_STANDARD = gnu11;
				GCC_DYNAMIC_NO_PIC = NO;
				GCC_NO_COMMON_BLOCKS = YES;
				GCC_OPTIMIZATION_LEVEL = 0;
				GCC_PREPROCESSOR_DEFINITIONS = (
					"DEBUG=1",
					"$(inherited)",
				);
				GCC_WARN_64_TO_32_BIT_CONVERSION = YES;
				GCC_WARN_ABOUT_RETURN_TYPE = YES_ERROR;
				GCC_WARN_UNDECLARED_SELECTOR = YES;
				GCC_WARN_UNINITIALIZED_AUTOS = YES_AGGRESSIVE;
				GCC_WARN_UNUSED_FUNCTION = YES;
				GCC_WARN_UNUSED_VARIABLE = YES;
				IPHONEOS_DEPLOYMENT_TARGET = 12.1;
				MTL_ENABLE_DEBUG_INFO = INCLUDE_SOURCE;
				MTL_FAST_MATH = YES;
				ONLY_ACTIVE_ARCH = YES;
				SDKROOT = iphoneos;
			};
			name = Debug;
		};
		22C3BEC622A981050078DACA /* Release */ = {
			isa = XCBuildConfiguration;
			buildSettings = {
				ALWAYS_SEARCH_USER_PATHS = NO;
				CLANG_ANALYZER_NONNULL = YES;
				CLANG_ANALYZER_NUMBER_OBJECT_CONVERSION = YES_AGGRESSIVE;
				CLANG_CXX_LANGUAGE_STANDARD = "gnu++14";
				CLANG_CXX_LIBRARY = "libc++";
				CLANG_ENABLE_MODULES = YES;
				CLANG_ENABLE_OBJC_ARC = YES;
				CLANG_ENABLE_OBJC_WEAK = YES;
				CLANG_WARN_BLOCK_CAPTURE_AUTORELEASING = YES;
				CLANG_WARN_BOOL_CONVERSION = YES;
				CLANG_WARN_COMMA = YES;
				CLANG_WARN_CONSTANT_CONVERSION = YES;
				CLANG_WARN_DEPRECATED_OBJC_IMPLEMENTATIONS = YES;
				CLANG_WARN_DIRECT_OBJC_ISA_USAGE = YES_ERROR;
				CLANG_WARN_DOCUMENTATION_COMMENTS = YES;
				CLANG_WARN_EMPTY_BODY = YES;
				CLANG_WARN_ENUM_CONVERSION = YES;
				CLANG_WARN_INFINITE_RECURSION = YES;
				CLANG_WARN_INT_CONVERSION = YES;
				CLANG_WARN_NON_LITERAL_NULL_CONVERSION = YES;
				CLANG_WARN_OBJC_IMPLICIT_RETAIN_SELF = YES;
				CLANG_WARN_OBJC_LITERAL_CONVERSION = YES;
				CLANG_WARN_OBJC_ROOT_CLASS = YES_ERROR;
				CLANG_WARN_RANGE_LOOP_ANALYSIS = YES;
				CLANG_WARN_STRICT_PROTOTYPES = YES;
				CLANG_WARN_SUSPICIOUS_MOVE = YES;
				CLANG_WARN_UNGUARDED_AVAILABILITY = YES_AGGRESSIVE;
				CLANG_WARN_UNREACHABLE_CODE = YES;
				CLANG_WARN__DUPLICATE_METHOD_MATCH = YES;
				CODE_SIGN_IDENTITY = "iPhone Developer";
				COPY_PHASE_STRIP = NO;
				DEBUG_INFORMATION_FORMAT = "dwarf-with-dsym";
				ENABLE_NS_ASSERTIONS = NO;
				ENABLE_STRICT_OBJC_MSGSEND = YES;
				GCC_C_LANGUAGE_STANDARD = gnu11;
				GCC_NO_COMMON_BLOCKS = YES;
				GCC_WARN_64_TO_32_BIT_CONVERSION = YES;
				GCC_WARN_ABOUT_RETURN_TYPE = YES_ERROR;
				GCC_WARN_UNDECLARED_SELECTOR = YES;
				GCC_WARN_UNINITIALIZED_AUTOS = YES_AGGRESSIVE;
				GCC_WARN_UNUSED_FUNCTION = YES;
				GCC_WARN_UNUSED_VARIABLE = YES;
				IPHONEOS_DEPLOYMENT_TARGET = 12.1;
				MTL_ENABLE_DEBUG_INFO = NO;
				MTL_FAST_MATH = YES;
				SDKROOT = iphoneos;
				VALIDATE_PRODUCT = YES;
			};
			name = Release;
		};
		22C3BEC822A981050078DACA /* Debug */ = {
			isa = XCBuildConfiguration;
			buildSettings = {
				ASSETCATALOG_COMPILER_APPICON_NAME = AppIcon;
				CODE_SIGN_STYLE = Automatic;
				INFOPLIST_FILE = RSS_READER/Info.plist;
				LD_RUNPATH_SEARCH_PATHS = (
					"$(inherited)",
					"@executable_path/Frameworks",
				);
				PRODUCT_BUNDLE_IDENTIFIER = "PhamNgocSon.RSS-READER";
				PRODUCT_NAME = "$(TARGET_NAME)";
				TARGETED_DEVICE_FAMILY = "1,2";
			};
			name = Debug;
		};
		22C3BEC922A981050078DACA /* Release */ = {
			isa = XCBuildConfiguration;
			buildSettings = {
				ASSETCATALOG_COMPILER_APPICON_NAME = AppIcon;
				CODE_SIGN_STYLE = Automatic;
				INFOPLIST_FILE = RSS_READER/Info.plist;
				LD_RUNPATH_SEARCH_PATHS = (
					"$(inherited)",
					"@executable_path/Frameworks",
				);
				PRODUCT_BUNDLE_IDENTIFIER = "PhamNgocSon.RSS-READER";
				PRODUCT_NAME = "$(TARGET_NAME)";
				TARGETED_DEVICE_FAMILY = "1,2";
			};
			name = Release;
		};
/* End XCBuildConfiguration section */

/* Begin XCConfigurationList section */
		22C3BEAC22A981040078DACA /* Build configuration list for PBXProject "RSS_READER" */ = {
			isa = XCConfigurationList;
			buildConfigurations = (
				22C3BEC522A981050078DACA /* Debug */,
				22C3BEC622A981050078DACA /* Release */,
			);
			defaultConfigurationIsVisible = 0;
			defaultConfigurationName = Release;
		};
		22C3BEC722A981050078DACA /* Build configuration list for PBXNativeTarget "RSS_READER" */ = {
			isa = XCConfigurationList;
			buildConfigurations = (
				22C3BEC822A981050078DACA /* Debug */,
				22C3BEC922A981050078DACA /* Release */,
			);
			defaultConfigurationIsVisible = 0;
			defaultConfigurationName = Release;
		};
/* End XCConfigurationList section */
	};
	rootObject = 22C3BEA922A981040078DACA /* Project object */;
}
